
Microsoft Visual Studio Solution File, Format Version 12.00
# Visual Studio Version 17
VisualStudioVersion = 17.14.36401.2 d17.14
MinimumVisualStudioVersion = 10.0.40219.1
Project("{FAE04EC0-301F-11D3-BF4B-00C04F79EFBC}") = "Bai3CongNghePhanMem", "Bai3CongNghePhanMem\Bai3CongNghePhanMem.csproj", "{98259E88-9B8F-459B-A298-A98F64546378}"
EndProject
Global
	GlobalSection(SolutionConfigurationPlatforms) = preSolution
		Debug|Any CPU = Debug|Any CPU
		Release|Any CPU = Release|Any CPU
	EndGlobalSection
	GlobalSection(ProjectConfigurationPlatforms) = postSolution
		{98259E88-9B8F-459B-A298-A98F64546378}.Debug|Any CPU.ActiveCfg = Debug|Any CPU
		{98259E88-9B8F-459B-A298-A98F64546378}.Debug|Any CPU.Build.0 = Debug|Any CPU
		{98259E88-9B8F-459B-A298-A98F64546378}.Release|Any CPU.ActiveCfg = Release|Any CPU
		{98259E88-9B8F-459B-A298-A98F64546378}.Release|Any CPU.Build.0 = Release|Any CPU
	EndGlobalSection
	GlobalSection(SolutionProperties) = preSolution
		HideSolutionNode = FALSE
	EndGlobalSection
	GlobalSection(ExtensibilityGlobals) = postSolution
		SolutionGuid = {285D5B6C-01EC-417C-85D3-D7E6448F601A}
	EndGlobalSection
EndGlobal
